
Microsoft Visual Studio Solution File, Format Version 12.00
# Visual Studio Version 17
VisualStudioVersion = 17.3.32819.101
MinimumVisualStudioVersion = 10.0.40219.1
Project("{FAE04EC0-301F-11D3-BF4B-00C04F79EFBC}") = "HW_1_4_Git", "HW_1_4_Git\HW_1_4_Git.csproj", "{314D4F1D-6345-4DB1-8189-C61FA9D58180}"
EndProject
Global
	GlobalSection(SolutionConfigurationPlatforms) = preSolution
		Debug|Any CPU = Debug|Any CPU
		Release|Any CPU = Release|Any CPU
	EndGlobalSection
	GlobalSection(ProjectConfigurationPlatforms) = postSolution
		{314D4F1D-6345-4DB1-8189-C61FA9D58180}.Debug|Any CPU.ActiveCfg = Debug|Any CPU
		{314D4F1D-6345-4DB1-8189-C61FA9D58180}.Debug|Any CPU.Build.0 = Debug|Any CPU
		{314D4F1D-6345-4DB1-8189-C61FA9D58180}.Release|Any CPU.ActiveCfg = Release|Any CPU
		{314D4F1D-6345-4DB1-8189-C61FA9D58180}.Release|Any CPU.Build.0 = Release|Any CPU
	EndGlobalSection
	GlobalSection(SolutionProperties) = preSolution
		HideSolutionNode = FALSE
	EndGlobalSection
	GlobalSection(ExtensibilityGlobals) = postSolution
		SolutionGuid = {2BFB7AE4-B68C-4B36-BD76-CC1A4CDFD6C5}
	EndGlobalSection
EndGlobal
